// !$*UTF8*$!
{
	archiveVersion = 1;
	classes = {
	};
	objectVersion = 46;
	objects = {

/* Begin PBXBuildFile section */
		7E4CC18B17627D8000A3C651 /* MainStoryBoard.storyboard in Resources */ = {isa = PBXBuildFile; fileRef = 7E4CC18A17627D8000A3C651 /* MainStoryBoard.storyboard */; };
		7E87C76F175BB1F700AB7E9F /* Shot.m in Sources */ = {isa = PBXBuildFile; fileRef = 7E87C76E175BB1F700AB7E9F /* Shot.m */; };
		7E87C772175BB1FB00AB7E9F /* Swing.m in Sources */ = {isa = PBXBuildFile; fileRef = 7E87C771175BB1FB00AB7E9F /* Swing.m */; };
		7E87C775175BB1FE00AB7E9F /* Location.m in Sources */ = {isa = PBXBuildFile; fileRef = 7E87C774175BB1FE00AB7E9F /* Location.m */; };
		7E87C778175BB20200AB7E9F /* Club.m in Sources */ = {isa = PBXBuildFile; fileRef = 7E87C777175BB20200AB7E9F /* Club.m */; };
		7EE9CC4E175B85740068B9DA /* UIKit.framework in Frameworks */ = {isa = PBXBuildFile; fileRef = 7EE9CC4D175B85740068B9DA /* UIKit.framework */; };
		7EE9CC50175B85740068B9DA /* Foundation.framework in Frameworks */ = {isa = PBXBuildFile; fileRef = 7EE9CC4F175B85740068B9DA /* Foundation.framework */; };
		7EE9CC52175B85740068B9DA /* CoreGraphics.framework in Frameworks */ = {isa = PBXBuildFile; fileRef = 7EE9CC51175B85740068B9DA /* CoreGraphics.framework */; };
		7EE9CC54175B85740068B9DA /* CoreData.framework in Frameworks */ = {isa = PBXBuildFile; fileRef = 7EE9CC53175B85740068B9DA /* CoreData.framework */; };
		7EE9CC5A175B85770068B9DA /* InfoPlist.strings in Resources */ = {isa = PBXBuildFile; fileRef = 7EE9CC58175B85770068B9DA /* InfoPlist.strings */; };
		7EE9CC5C175B85780068B9DA /* main.m in Sources */ = {isa = PBXBuildFile; fileRef = 7EE9CC5B175B85780068B9DA /* main.m */; };
		7EE9CC60175B857A0068B9DA /* LWAppDelegate.m in Sources */ = {isa = PBXBuildFile; fileRef = 7EE9CC5F175B857A0068B9DA /* LWAppDelegate.m */; };
		7EE9CC62175B857B0068B9DA /* Default.png in Resources */ = {isa = PBXBuildFile; fileRef = 7EE9CC61175B857B0068B9DA /* Default.png */; };
		7EE9CC64175B857C0068B9DA /* Default@2x.png in Resources */ = {isa = PBXBuildFile; fileRef = 7EE9CC63175B857C0068B9DA /* Default@2x.png */; };
		7EE9CC66175B857C0068B9DA /* Default-568h@2x.png in Resources */ = {isa = PBXBuildFile; fileRef = 7EE9CC65175B857C0068B9DA /* Default-568h@2x.png */; };
		7EE9CC69175B85800068B9DA /* Target_Golf.xcdatamodeld in Sources */ = {isa = PBXBuildFile; fileRef = 7EE9CC67175B857F0068B9DA /* Target_Golf.xcdatamodeld */; };
		7EE9CC72175B88C00068B9DA /* CoreLocation.framework in Frameworks */ = {isa = PBXBuildFile; fileRef = 7EE9CC71175B88C00068B9DA /* CoreLocation.framework */; };
		7EFB6507175B99FA0031122F /* LWMainViewController.m in Sources */ = {isa = PBXBuildFile; fileRef = 7EFB6506175B99FA0031122F /* LWMainViewController.m */; };
		D30D5E061764C998009F2639 /* LWClubAndSwingMasterViewController.m in Sources */ = {isa = PBXBuildFile; fileRef = D30D5E051764C998009F2639 /* LWClubAndSwingMasterViewController.m */; };
/* End PBXBuildFile section */

/* Begin PBXFileReference section */
		7E4CC18A17627D8000A3C651 /* MainStoryBoard.storyboard */ = {isa = PBXFileReference; fileEncoding = 4; lastKnownFileType = file.storyboard; path = MainStoryBoard.storyboard; sourceTree = "<group>"; };
		7E87C76D175BB1F700AB7E9F /* Shot.h */ = {isa = PBXFileReference; fileEncoding = 4; lastKnownFileType = sourcecode.c.h; name = Shot.h; path = ../Shot.h; sourceTree = "<group>"; };
		7E87C76E175BB1F700AB7E9F /* Shot.m */ = {isa = PBXFileReference; fileEncoding = 4; lastKnownFileType = sourcecode.c.objc; name = Shot.m; path = ../Shot.m; sourceTree = "<group>"; };
		7E87C770175BB1FB00AB7E9F /* Swing.h */ = {isa = PBXFileReference; fileEncoding = 4; lastKnownFileType = sourcecode.c.h; name = Swing.h; path = ../Swing.h; sourceTree = "<group>"; };
		7E87C771175BB1FB00AB7E9F /* Swing.m */ = {isa = PBXFileReference; fileEncoding = 4; lastKnownFileType = sourcecode.c.objc; name = Swing.m; path = ../Swing.m; sourceTree = "<group>"; };
		7E87C773175BB1FE00AB7E9F /* Location.h */ = {isa = PBXFileReference; fileEncoding = 4; lastKnownFileType = sourcecode.c.h; name = Location.h; path = ../Location.h; sourceTree = "<group>"; };
		7E87C774175BB1FE00AB7E9F /* Location.m */ = {isa = PBXFileReference; fileEncoding = 4; lastKnownFileType = sourcecode.c.objc; name = Location.m; path = ../Location.m; sourceTree = "<group>"; };
		7E87C776175BB20200AB7E9F /* Club.h */ = {isa = PBXFileReference; fileEncoding = 4; lastKnownFileType = sourcecode.c.h; name = Club.h; path = ../Club.h; sourceTree = "<group>"; };
		7E87C777175BB20200AB7E9F /* Club.m */ = {isa = PBXFileReference; fileEncoding = 4; lastKnownFileType = sourcecode.c.objc; name = Club.m; path = ../Club.m; sourceTree = "<group>"; };
		7EE9CC4A175B85740068B9DA /* Target Golf.app */ = {isa = PBXFileReference; explicitFileType = wrapper.application; includeInIndex = 0; path = "Target Golf.app"; sourceTree = BUILT_PRODUCTS_DIR; };
		7EE9CC4D175B85740068B9DA /* UIKit.framework */ = {isa = PBXFileReference; lastKnownFileType = wrapper.framework; name = UIKit.framework; path = System/Library/Frameworks/UIKit.framework; sourceTree = SDKROOT; };
		7EE9CC4F175B85740068B9DA /* Foundation.framework */ = {isa = PBXFileReference; lastKnownFileType = wrapper.framework; name = Foundation.framework; path = System/Library/Frameworks/Foundation.framework; sourceTree = SDKROOT; };
		7EE9CC51175B85740068B9DA /* CoreGraphics.framework */ = {isa = PBXFileReference; lastKnownFileType = wrapper.framework; name = CoreGraphics.framework; path = System/Library/Frameworks/CoreGraphics.framework; sourceTree = SDKROOT; };
		7EE9CC53175B85740068B9DA /* CoreData.framework */ = {isa = PBXFileReference; lastKnownFileType = wrapper.framework; name = CoreData.framework; path = System/Library/Frameworks/CoreData.framework; sourceTree = SDKROOT; };
		7EE9CC57175B85760068B9DA /* Target Golf-Info.plist */ = {isa = PBXFileReference; lastKnownFileType = text.plist.xml; path = "Target Golf-Info.plist"; sourceTree = "<group>"; };
		7EE9CC59175B85770068B9DA /* en */ = {isa = PBXFileReference; lastKnownFileType = text.plist.strings; name = en; path = en.lproj/InfoPlist.strings; sourceTree = "<group>"; };
		7EE9CC5B175B85780068B9DA /* main.m */ = {isa = PBXFileReference; lastKnownFileType = sourcecode.c.objc; path = main.m; sourceTree = "<group>"; };
		7EE9CC5D175B85790068B9DA /* Target Golf-Prefix.pch */ = {isa = PBXFileReference; lastKnownFileType = sourcecode.c.h; path = "Target Golf-Prefix.pch"; sourceTree = "<group>"; };
		7EE9CC5E175B85790068B9DA /* LWAppDelegate.h */ = {isa = PBXFileReference; lastKnownFileType = sourcecode.c.h; path = LWAppDelegate.h; sourceTree = "<group>"; };
		7EE9CC5F175B857A0068B9DA /* LWAppDelegate.m */ = {isa = PBXFileReference; lastKnownFileType = sourcecode.c.objc; path = LWAppDelegate.m; sourceTree = "<group>"; };
		7EE9CC61175B857B0068B9DA /* Default.png */ = {isa = PBXFileReference; lastKnownFileType = image.png; path = Default.png; sourceTree = "<group>"; };
		7EE9CC63175B857C0068B9DA /* Default@2x.png */ = {isa = PBXFileReference; lastKnownFileType = image.png; path = "Default@2x.png"; sourceTree = "<group>"; };
		7EE9CC65175B857C0068B9DA /* Default-568h@2x.png */ = {isa = PBXFileReference; lastKnownFileType = image.png; path = "Default-568h@2x.png"; sourceTree = "<group>"; };
		7EE9CC68175B857F0068B9DA /* Target_Golf.xcdatamodel */ = {isa = PBXFileReference; lastKnownFileType = wrapper.xcdatamodel; path = Target_Golf.xcdatamodel; sourceTree = "<group>"; };
		7EE9CC71175B88C00068B9DA /* CoreLocation.framework */ = {isa = PBXFileReference; lastKnownFileType = wrapper.framework; name = CoreLocation.framework; path = System/Library/Frameworks/CoreLocation.framework; sourceTree = SDKROOT; };
		7EFB6505175B99FA0031122F /* LWMainViewController.h */ = {isa = PBXFileReference; fileEncoding = 4; lastKnownFileType = sourcecode.c.h; path = LWMainViewController.h; sourceTree = "<group>"; };
		7EFB6506175B99FA0031122F /* LWMainViewController.m */ = {isa = PBXFileReference; fileEncoding = 4; lastKnownFileType = sourcecode.c.objc; path = LWMainViewController.m; sourceTree = "<group>"; };
		D30D5E041764C998009F2639 /* LWClubAndSwingMasterViewController.h */ = {isa = PBXFileReference; fileEncoding = 4; lastKnownFileType = sourcecode.c.h; path = LWClubAndSwingMasterViewController.h; sourceTree = "<group>"; };
		D30D5E051764C998009F2639 /* LWClubAndSwingMasterViewController.m */ = {isa = PBXFileReference; fileEncoding = 4; lastKnownFileType = sourcecode.c.objc; path = LWClubAndSwingMasterViewController.m; sourceTree = "<group>"; };
/* End PBXFileReference section */

/* Begin PBXFrameworksBuildPhase section */
		7EE9CC47175B85740068B9DA /* Frameworks */ = {
			isa = PBXFrameworksBuildPhase;
			buildActionMask = 2147483647;
			files = (
				7EE9CC72175B88C00068B9DA /* CoreLocation.framework in Frameworks */,
				7EE9CC4E175B85740068B9DA /* UIKit.framework in Frameworks */,
				7EE9CC50175B85740068B9DA /* Foundation.framework in Frameworks */,
				7EE9CC52175B85740068B9DA /* CoreGraphics.framework in Frameworks */,
				7EE9CC54175B85740068B9DA /* CoreData.framework in Frameworks */,
			);
			runOnlyForDeploymentPostprocessing = 0;
		};
/* End PBXFrameworksBuildPhase section */

/* Begin PBXGroup section */
		7EE9CC41175B85730068B9DA = {
			isa = PBXGroup;
			children = (
				7EE9CC55175B85750068B9DA /* Target Golf */,
				7EE9CC4C175B85740068B9DA /* Frameworks */,
				7EE9CC4B175B85740068B9DA /* Products */,
			);
			sourceTree = "<group>";
		};
		7EE9CC4B175B85740068B9DA /* Products */ = {
			isa = PBXGroup;
			children = (
				7EE9CC4A175B85740068B9DA /* Target Golf.app */,
			);
			name = Products;
			sourceTree = "<group>";
		};
		7EE9CC4C175B85740068B9DA /* Frameworks */ = {
			isa = PBXGroup;
			children = (
				7EE9CC71175B88C00068B9DA /* CoreLocation.framework */,
				7EE9CC4D175B85740068B9DA /* UIKit.framework */,
				7EE9CC4F175B85740068B9DA /* Foundation.framework */,
				7EE9CC51175B85740068B9DA /* CoreGraphics.framework */,
				7EE9CC53175B85740068B9DA /* CoreData.framework */,
			);
			name = Frameworks;
			sourceTree = "<group>";
		};
		7EE9CC55175B85750068B9DA /* Target Golf */ = {
			isa = PBXGroup;
			children = (
				D30D5E031764C3E2009F2639 /* Model */,
				D30D5E021764C37D009F2639 /* View Control */,
				7EE9CC5E175B85790068B9DA /* LWAppDelegate.h */,
				7EE9CC5F175B857A0068B9DA /* LWAppDelegate.m */,
				7EE9CC56175B85760068B9DA /* Supporting Files */,
			);
			path = "Target Golf";
			sourceTree = "<group>";
		};
		7EE9CC56175B85760068B9DA /* Supporting Files */ = {
			isa = PBXGroup;
			children = (
				7EE9CC57175B85760068B9DA /* Target Golf-Info.plist */,
				7EE9CC58175B85770068B9DA /* InfoPlist.strings */,
				7EE9CC5B175B85780068B9DA /* main.m */,
				7EE9CC5D175B85790068B9DA /* Target Golf-Prefix.pch */,
				7EE9CC61175B857B0068B9DA /* Default.png */,
				7EE9CC63175B857C0068B9DA /* Default@2x.png */,
				7EE9CC65175B857C0068B9DA /* Default-568h@2x.png */,
			);
			name = "Supporting Files";
			sourceTree = "<group>";
		};
		D30D5E021764C37D009F2639 /* View Control */ = {
			isa = PBXGroup;
			children = (
				7EFB6505175B99FA0031122F /* LWMainViewController.h */,
				7EFB6506175B99FA0031122F /* LWMainViewController.m */,
				7E4CC18A17627D8000A3C651 /* MainStoryBoard.storyboard */,
				D30D5E041764C998009F2639 /* LWClubAndSwingMasterViewController.h */,
				D30D5E051764C998009F2639 /* LWClubAndSwingMasterViewController.m */,
			);
			name = "View Control";
			sourceTree = "<group>";
		};
		D30D5E031764C3E2009F2639 /* Model */ = {
			isa = PBXGroup;
			children = (
				7EE9CC67175B857F0068B9DA /* Target_Golf.xcdatamodeld */,
				7E87C776175BB20200AB7E9F /* Club.h */,
				7E87C777175BB20200AB7E9F /* Club.m */,
				7E87C773175BB1FE00AB7E9F /* Location.h */,
				7E87C774175BB1FE00AB7E9F /* Location.m */,
				7E87C770175BB1FB00AB7E9F /* Swing.h */,
				7E87C771175BB1FB00AB7E9F /* Swing.m */,
				7E87C76D175BB1F700AB7E9F /* Shot.h */,
				7E87C76E175BB1F700AB7E9F /* Shot.m */,
			);
			name = Model;
			sourceTree = "<group>";
		};
/* End PBXGroup section */

/* Begin PBXNativeTarget section */
		7EE9CC49175B85740068B9DA /* Target Golf */ = {
			isa = PBXNativeTarget;
			buildConfigurationList = 7EE9CC6C175B85800068B9DA /* Build configuration list for PBXNativeTarget "Target Golf" */;
			buildPhases = (
				7EE9CC46175B85740068B9DA /* Sources */,
				7EE9CC47175B85740068B9DA /* Frameworks */,
				7EE9CC48175B85740068B9DA /* Resources */,
			);
			buildRules = (
			);
			dependencies = (
			);
			name = "Target Golf";
			productName = "Target Golf";
			productReference = 7EE9CC4A175B85740068B9DA /* Target Golf.app */;
			productType = "com.apple.product-type.application";
		};
/* End PBXNativeTarget section */

/* Begin PBXProject section */
		7EE9CC42175B85730068B9DA /* Project object */ = {
			isa = PBXProject;
			attributes = {
				CLASSPREFIX = LW;
				LastUpgradeCheck = 0460;
				ORGANIZATIONNAME = "Claire Wright";
			};
			buildConfigurationList = 7EE9CC45175B85730068B9DA /* Build configuration list for PBXProject "Target Golf" */;
			compatibilityVersion = "Xcode 3.2";
			developmentRegion = English;
			hasScannedForEncodings = 0;
			knownRegions = (
				en,
			);
			mainGroup = 7EE9CC41175B85730068B9DA;
			productRefGroup = 7EE9CC4B175B85740068B9DA /* Products */;
			projectDirPath = "";
			projectRoot = "";
			targets = (
				7EE9CC49175B85740068B9DA /* Target Golf */,
			);
		};
/* End PBXProject section */

/* Begin PBXResourcesBuildPhase section */
		7EE9CC48175B85740068B9DA /* Resources */ = {
			isa = PBXResourcesBuildPhase;
			buildActionMask = 2147483647;
			files = (
				7EE9CC5A175B85770068B9DA /* InfoPlist.strings in Resources */,
				7EE9CC62175B857B0068B9DA /* Default.png in Resources */,
				7EE9CC64175B857C0068B9DA /* Default@2x.png in Resources */,
				7EE9CC66175B857C0068B9DA /* Default-568h@2x.png in Resources */,
				7E4CC18B17627D8000A3C651 /* MainStoryBoard.storyboard in Resources */,
			);
			runOnlyForDeploymentPostprocessing = 0;
		};
/* End PBXResourcesBuildPhase section */

/* Begin PBXSourcesBuildPhase section */
		7EE9CC46175B85740068B9DA /* Sources */ = {
			isa = PBXSourcesBuildPhase;
			buildActionMask = 2147483647;
			files = (
				7EE9CC5C175B85780068B9DA /* main.m in Sources */,
				7EE9CC60175B857A0068B9DA /* LWAppDelegate.m in Sources */,
				7EE9CC69175B85800068B9DA /* Target_Golf.xcdatamodeld in Sources */,
				7EFB6507175B99FA0031122F /* LWMainViewController.m in Sources */,
				7E87C76F175BB1F700AB7E9F /* Shot.m in Sources */,
				7E87C772175BB1FB00AB7E9F /* Swing.m in Sources */,
				7E87C775175BB1FE00AB7E9F /* Location.m in Sources */,
				7E87C778175BB20200AB7E9F /* Club.m in Sources */,
				D30D5E061764C998009F2639 /* LWClubAndSwingMasterViewController.m in Sources */,
			);
			runOnlyForDeploymentPostprocessing = 0;
		};
/* End PBXSourcesBuildPhase section */

/* Begin PBXVariantGroup section */
		7EE9CC58175B85770068B9DA /* InfoPlist.strings */ = {
			isa = PBXVariantGroup;
			children = (
				7EE9CC59175B85770068B9DA /* en */,
			);
			name = InfoPlist.strings;
			sourceTree = "<group>";
		};
/* End PBXVariantGroup section */

/* Begin XCBuildConfiguration section */
		7EE9CC6A175B85800068B9DA /* Debug */ = {
			isa = XCBuildConfiguration;
			buildSettings = {
				ALWAYS_SEARCH_USER_PATHS = NO;
				CLANG_CXX_LANGUAGE_STANDARD = "gnu++0x";
				CLANG_CXX_LIBRARY = "libc++";
				CLANG_ENABLE_OBJC_ARC = YES;
				CLANG_WARN_CONSTANT_CONVERSION = YES;
				CLANG_WARN_EMPTY_BODY = YES;
				CLANG_WARN_ENUM_CONVERSION = YES;
				CLANG_WARN_INT_CONVERSION = YES;
				CLANG_WARN__DUPLICATE_METHOD_MATCH = YES;
				"CODE_SIGN_IDENTITY[sdk=iphoneos*]" = "iPhone Developer";
				COPY_PHASE_STRIP = NO;
				GCC_C_LANGUAGE_STANDARD = gnu99;
				GCC_DYNAMIC_NO_PIC = NO;
				GCC_OPTIMIZATION_LEVEL = 0;
				GCC_PREPROCESSOR_DEFINITIONS = (
					"DEBUG=1",
					"$(inherited)",
				);
				GCC_SYMBOLS_PRIVATE_EXTERN = NO;
				GCC_WARN_ABOUT_RETURN_TYPE = YES;
				GCC_WARN_UNINITIALIZED_AUTOS = YES;
				GCC_WARN_UNUSED_VARIABLE = YES;
				IPHONEOS_DEPLOYMENT_TARGET = 6.1;
				ONLY_ACTIVE_ARCH = YES;
				SDKROOT = iphoneos;
			};
			name = Debug;
		};
		7EE9CC6B175B85800068B9DA /* Release */ = {
			isa = XCBuildConfiguration;
			buildSettings = {
				ALWAYS_SEARCH_USER_PATHS = NO;
				CLANG_CXX_LANGUAGE_STANDARD = "gnu++0x";
				CLANG_CXX_LIBRARY = "libc++";
				CLANG_ENABLE_OBJC_ARC = YES;
				CLANG_WARN_CONSTANT_CONVERSION = YES;
				CLANG_WARN_EMPTY_BODY = YES;
				CLANG_WARN_ENUM_CONVERSION = YES;
				CLANG_WARN_INT_CONVERSION = YES;
				CLANG_WARN__DUPLICATE_METHOD_MATCH = YES;
				"CODE_SIGN_IDENTITY[sdk=iphoneos*]" = "iPhone Developer";
				COPY_PHASE_STRIP = YES;
				GCC_C_LANGUAGE_STANDARD = gnu99;
				GCC_WARN_ABOUT_RETURN_TYPE = YES;
				GCC_WARN_UNINITIALIZED_AUTOS = YES;
				GCC_WARN_UNUSED_VARIABLE = YES;
				IPHONEOS_DEPLOYMENT_TARGET = 6.1;
				OTHER_CFLAGS = "-DNS_BLOCK_ASSERTIONS=1";
				SDKROOT = iphoneos;
				VALIDATE_PRODUCT = YES;
			};
			name = Release;
		};
		7EE9CC6D175B85800068B9DA /* Debug */ = {
			isa = XCBuildConfiguration;
			buildSettings = {
				GCC_PRECOMPILE_PREFIX_HEADER = YES;
				GCC_PREFIX_HEADER = "Target Golf/Target Golf-Prefix.pch";
				INFOPLIST_FILE = "Target Golf/Target Golf-Info.plist";
				PRODUCT_NAME = "$(TARGET_NAME)";
				WRAPPER_EXTENSION = app;
			};
			name = Debug;
		};
		7EE9CC6E175B85800068B9DA /* Release */ = {
			isa = XCBuildConfiguration;
			buildSettings = {
				GCC_PRECOMPILE_PREFIX_HEADER = YES;
				GCC_PREFIX_HEADER = "Target Golf/Target Golf-Prefix.pch";
				INFOPLIST_FILE = "Target Golf/Target Golf-Info.plist";
				PRODUCT_NAME = "$(TARGET_NAME)";
				WRAPPER_EXTENSION = app;
			};
			name = Release;
		};
/* End XCBuildConfiguration section */

/* Begin XCConfigurationList section */
		7EE9CC45175B85730068B9DA /* Build configuration list for PBXProject "Target Golf" */ = {
			isa = XCConfigurationList;
			buildConfigurations = (
				7EE9CC6A175B85800068B9DA /* Debug */,
				7EE9CC6B175B85800068B9DA /* Release */,
			);
			defaultConfigurationIsVisible = 0;
			defaultConfigurationName = Release;
		};
		7EE9CC6C175B85800068B9DA /* Build configuration list for PBXNativeTarget "Target Golf" */ = {
			isa = XCConfigurationList;
			buildConfigurations = (
				7EE9CC6D175B85800068B9DA /* Debug */,
				7EE9CC6E175B85800068B9DA /* Release */,
			);
			defaultConfigurationIsVisible = 0;
			defaultConfigurationName = Release;
		};
/* End XCConfigurationList section */

/* Begin XCVersionGroup section */
		7EE9CC67175B857F0068B9DA /* Target_Golf.xcdatamodeld */ = {
			isa = XCVersionGroup;
			children = (
				7EE9CC68175B857F0068B9DA /* Target_Golf.xcdatamodel */,
			);
			currentVersion = 7EE9CC68175B857F0068B9DA /* Target_Golf.xcdatamodel */;
			path = Target_Golf.xcdatamodeld;
			sourceTree = "<group>";
			versionGroupType = wrapper.xcdatamodel;
		};
/* End XCVersionGroup section */
	};
	rootObject = 7EE9CC42175B85730068B9DA /* Project object */;
}
